
Microsoft Visual Studio Solution File, Format Version 12.00
# Visual Studio Version 17
VisualStudioVersion = 17.10.34928.147
MinimumVisualStudioVersion = 10.0.40219.1
Project("{FAE04EC0-301F-11D3-BF4B-00C04F79EFBC}") = "RegressionAPI", "RegressionAPI\RegressionAPI.csproj", "{F01E80F2-9ABB-432D-93BD-D1E91647A343}"
EndProject
Global
	GlobalSection(SolutionConfigurationPlatforms) = preSolution
		Debug|Any CPU = Debug|Any CPU
		Release|Any CPU = Release|Any CPU
	EndGlobalSection
	GlobalSection(ProjectConfigurationPlatforms) = postSolution
		{F01E80F2-9ABB-432D-93BD-D1E91647A343}.Debug|Any CPU.ActiveCfg = Debug|Any CPU
		{F01E80F2-9ABB-432D-93BD-D1E91647A343}.Debug|Any CPU.Build.0 = Debug|Any CPU
		{F01E80F2-9ABB-432D-93BD-D1E91647A343}.Release|Any CPU.ActiveCfg = Release|Any CPU
		{F01E80F2-9ABB-432D-93BD-D1E91647A343}.Release|Any CPU.Build.0 = Release|Any CPU
	EndGlobalSection
	GlobalSection(SolutionProperties) = preSolution
		HideSolutionNode = FALSE
	EndGlobalSection
	GlobalSection(ExtensibilityGlobals) = postSolution
		SolutionGuid = {F329F989-AB5B-49CC-A863-0EB0D12AE4DA}
	EndGlobalSection
EndGlobal
